// !$*UTF8*$!
{
	archiveVersion = 1;
	classes = {
	};
	objectVersion = 50;
	objects = {

/* Begin PBXBuildFile section */
		114A6E8C211CF9030027F08A /* libssl.dylib in Frameworks */ = {isa = PBXBuildFile; fileRef = 114A6E8B211CF9030027F08A /* libssl.dylib */; };
		114A6E8E211CF90D0027F08A /* libcrypto.dylib in Frameworks */ = {isa = PBXBuildFile; fileRef = 114A6E8D211CF90D0027F08A /* libcrypto.dylib */; };
		11E5BABF2111243B009EC67B /* main.cpp in Sources */ = {isa = PBXBuildFile; fileRef = 11E5BABE2111243B009EC67B /* main.cpp */; };
/* End PBXBuildFile section */

/* Begin PBXCopyFilesBuildPhase section */
		11E5BAB92111243B009EC67B /* CopyFiles */ = {
			isa = PBXCopyFilesBuildPhase;
			buildActionMask = 2147483647;
			dstPath = usr/share/man/man1;
			dstSubfolderSpec = 6;
			files = (
			);
			runOnlyForDeploymentPostprocessing = 1;
		};
/* End PBXCopyFilesBuildPhase section */

/* Begin PBXFileReference section */
		114A6E8B211CF9030027F08A /* libssl.dylib */ = {isa = PBXFileReference; lastKnownFileType = "compiled.mach-o.dylib"; path = libssl.dylib; sourceTree = "<group>"; };
		114A6E8D211CF90D0027F08A /* libcrypto.dylib */ = {isa = PBXFileReference; lastKnownFileType = "compiled.mach-o.dylib"; path = libcrypto.dylib; sourceTree = "<group>"; };
		1195BFC9211CFB8F005BC802 /* qr.h */ = {isa = PBXFileReference; lastKnownFileType = sourcecode.c.h; path = qr.h; sourceTree = "<group>"; };
		11E5BABB2111243B009EC67B /* CryptyMe */ = {isa = PBXFileReference; explicitFileType = "compiled.mach-o.executable"; includeInIndex = 0; path = CryptyMe; sourceTree = BUILT_PRODUCTS_DIR; };
		11E5BABE2111243B009EC67B /* main.cpp */ = {isa = PBXFileReference; lastKnownFileType = sourcecode.cpp.cpp; path = main.cpp; sourceTree = "<group>"; };
/* End PBXFileReference section */

/* Begin PBXFrameworksBuildPhase section */
		11E5BAB82111243B009EC67B /* Frameworks */ = {
			isa = PBXFrameworksBuildPhase;
			buildActionMask = 2147483647;
			files = (
				114A6E8C211CF9030027F08A /* libssl.dylib in Frameworks */,
				114A6E8E211CF90D0027F08A /* libcrypto.dylib in Frameworks */,
			);
			runOnlyForDeploymentPostprocessing = 0;
		};
/* End PBXFrameworksBuildPhase section */

/* Begin PBXGroup section */
		11E5BAB22111243B009EC67B = {
			isa = PBXGroup;
			children = (
				11E5BABD2111243B009EC67B /* CryptyMe */,
				11E5BABC2111243B009EC67B /* Products */,
			);
			sourceTree = "<group>";
		};
		11E5BABC2111243B009EC67B /* Products */ = {
			isa = PBXGroup;
			children = (
				11E5BABB2111243B009EC67B /* CryptyMe */,
			);
			name = Products;
			sourceTree = "<group>";
		};
		11E5BABD2111243B009EC67B /* CryptyMe */ = {
			isa = PBXGroup;
			children = (
				1195BFC9211CFB8F005BC802 /* qr.h */,
				114A6E8D211CF90D0027F08A /* libcrypto.dylib */,
				114A6E8B211CF9030027F08A /* libssl.dylib */,
				11E5BABE2111243B009EC67B /* main.cpp */,
			);
			path = CryptyMe;
			sourceTree = "<group>";
		};
/* End PBXGroup section */

/* Begin PBXNativeTarget section */
		11E5BABA2111243B009EC67B /* CryptyMe */ = {
			isa = PBXNativeTarget;
			buildConfigurationList = 11E5BAC22111243B009EC67B /* Build configuration list for PBXNativeTarget "CryptyMe" */;
			buildPhases = (
				11E5BAB72111243B009EC67B /* Sources */,
				11E5BAB82111243B009EC67B /* Frameworks */,
				11E5BAB92111243B009EC67B /* CopyFiles */,
			);
			buildRules = (
			);
			dependencies = (
			);
			name = CryptyMe;
			productName = CryptyMe;
			productReference = 11E5BABB2111243B009EC67B /* CryptyMe */;
			productType = "com.apple.product-type.tool";
		};
/* End PBXNativeTarget section */

/* Begin PBXProject section */
		11E5BAB32111243B009EC67B /* Project object */ = {
			isa = PBXProject;
			attributes = {
				LastUpgradeCheck = 1000;
				ORGANIZATIONNAME = nproject;
				TargetAttributes = {
					11E5BABA2111243B009EC67B = {
						CreatedOnToolsVersion = 10.0;
					};
				};
			};
			buildConfigurationList = 11E5BAB62111243B009EC67B /* Build configuration list for PBXProject "CryptyMe" */;
			compatibilityVersion = "Xcode 9.3";
			developmentRegion = en;
			hasScannedForEncodings = 0;
			knownRegions = (
				en,
			);
			mainGroup = 11E5BAB22111243B009EC67B;
			productRefGroup = 11E5BABC2111243B009EC67B /* Products */;
			projectDirPath = "";
			projectRoot = "";
			targets = (
				11E5BABA2111243B009EC67B /* CryptyMe */,
			);
		};
/* End PBXProject section */

/* Begin PBXSourcesBuildPhase section */
		11E5BAB72111243B009EC67B /* Sources */ = {
			isa = PBXSourcesBuildPhase;
			buildActionMask = 2147483647;
			files = (
				11E5BABF2111243B009EC67B /* main.cpp in Sources */,
			);
			runOnlyForDeploymentPostprocessing = 0;
		};
/* End PBXSourcesBuildPhase section */

/* Begin XCBuildConfiguration section */
		11E5BAC02111243B009EC67B /* Debug */ = {
			isa = XCBuildConfiguration;
			buildSettings = {
				ALWAYS_SEARCH_USER_PATHS = NO;
				CLANG_ANALYZER_NONNULL = YES;
				CLANG_ANALYZER_NUMBER_OBJECT_CONVERSION = YES_AGGRESSIVE;
				CLANG_CXX_LANGUAGE_STANDARD = "gnu++14";
				CLANG_CXX_LIBRARY = "libc++";
				CLANG_ENABLE_MODULES = YES;
				CLANG_ENABLE_OBJC_ARC = YES;
				CLANG_ENABLE_OBJC_WEAK = YES;
				CLANG_WARN_BLOCK_CAPTURE_AUTORELEASING = YES;
				CLANG_WARN_BOOL_CONVERSION = YES;
				CLANG_WARN_COMMA = YES;
				CLANG_WARN_CONSTANT_CONVERSION = YES;
				CLANG_WARN_DEPRECATED_OBJC_IMPLEMENTATIONS = YES;
				CLANG_WARN_DIRECT_OBJC_ISA_USAGE = YES_ERROR;
				CLANG_WARN_DOCUMENTATION_COMMENTS = YES;
				CLANG_WARN_EMPTY_BODY = YES;
				CLANG_WARN_ENUM_CONVERSION = YES;
				CLANG_WARN_INFINITE_RECURSION = YES;
				CLANG_WARN_INT_CONVERSION = YES;
				CLANG_WARN_NON_LITERAL_NULL_CONVERSION = YES;
				CLANG_WARN_OBJC_IMPLICIT_RETAIN_SELF = YES;
				CLANG_WARN_OBJC_LITERAL_CONVERSION = YES;
				CLANG_WARN_OBJC_ROOT_CLASS = YES_ERROR;
				CLANG_WARN_RANGE_LOOP_ANALYSIS = YES;
				CLANG_WARN_STRICT_PROTOTYPES = YES;
				CLANG_WARN_SUSPICIOUS_MOVE = YES;
				CLANG_WARN_UNGUARDED_AVAILABILITY = YES_AGGRESSIVE;
				CLANG_WARN_UNREACHABLE_CODE = YES;
				CLANG_WARN__DUPLICATE_METHOD_MATCH = YES;
				CODE_SIGN_IDENTITY = "Mac Developer";
				COPY_PHASE_STRIP = NO;
				DEBUG_INFORMATION_FORMAT = dwarf;
				ENABLE_STRICT_OBJC_MSGSEND = YES;
				ENABLE_TESTABILITY = YES;
				GCC_C_LANGUAGE_STANDARD = gnu11;
				GCC_DYNAMIC_NO_PIC = NO;
				GCC_NO_COMMON_BLOCKS = YES;
				GCC_OPTIMIZATION_LEVEL = 0;
				GCC_PREPROCESSOR_DEFINITIONS = (
					"DEBUG=1",
					"$(inherited)",
				);
				GCC_WARN_64_TO_32_BIT_CONVERSION = YES;
				GCC_WARN_ABOUT_RETURN_TYPE = YES_ERROR;
				GCC_WARN_UNDECLARED_SELECTOR = YES;
				GCC_WARN_UNINITIALIZED_AUTOS = YES_AGGRESSIVE;
				GCC_WARN_UNUSED_FUNCTION = YES;
				GCC_WARN_UNUSED_VARIABLE = YES;
				MACOSX_DEPLOYMENT_TARGET = 10.13;
				MTL_ENABLE_DEBUG_INFO = INCLUDE_SOURCE;
				MTL_FAST_MATH = YES;
				ONLY_ACTIVE_ARCH = YES;
				SDKROOT = macosx;
			};
			name = Debug;
		};
		11E5BAC12111243B009EC67B /* Release */ = {
			isa = XCBuildConfiguration;
			buildSettings = {
				ALWAYS_SEARCH_USER_PATHS = NO;
				CLANG_ANALYZER_NONNULL = YES;
				CLANG_ANALYZER_NUMBER_OBJECT_CONVERSION = YES_AGGRESSIVE;
				CLANG_CXX_LANGUAGE_STANDARD = "gnu++14";
				CLANG_CXX_LIBRARY = "libc++";
				CLANG_ENABLE_MODULES = YES;
				CLANG_ENABLE_OBJC_ARC = YES;
				CLANG_ENABLE_OBJC_WEAK = YES;
				CLANG_WARN_BLOCK_CAPTURE_AUTORELEASING = YES;
				CLANG_WARN_BOOL_CONVERSION = YES;
				CLANG_WARN_COMMA = YES;
				CLANG_WARN_CONSTANT_CONVERSION = YES;
				CLANG_WARN_DEPRECATED_OBJC_IMPLEMENTATIONS = YES;
				CLANG_WARN_DIRECT_OBJC_ISA_USAGE = YES_ERROR;
				CLANG_WARN_DOCUMENTATION_COMMENTS = YES;
				CLANG_WARN_EMPTY_BODY = YES;
				CLANG_WARN_ENUM_CONVERSION = YES;
				CLANG_WARN_INFINITE_RECURSION = YES;
				CLANG_WARN_INT_CONVERSION = YES;
				CLANG_WARN_NON_LITERAL_NULL_CONVERSION = YES;
				CLANG_WARN_OBJC_IMPLICIT_RETAIN_SELF = YES;
				CLANG_WARN_OBJC_LITERAL_CONVERSION = YES;
				CLANG_WARN_OBJC_ROOT_CLASS = YES_ERROR;
				CLANG_WARN_RANGE_LOOP_ANALYSIS = YES;
				CLANG_WARN_STRICT_PROTOTYPES = YES;
				CLANG_WARN_SUSPICIOUS_MOVE = YES;
				CLANG_WARN_UNGUARDED_AVAILABILITY = YES_AGGRESSIVE;
				CLANG_WARN_UNREACHABLE_CODE = YES;
				CLANG_WARN__DUPLICATE_METHOD_MATCH = YES;
				CODE_SIGN_IDENTITY = "Mac Developer";
				COPY_PHASE_STRIP = NO;
				DEBUG_INFORMATION_FORMAT = "dwarf-with-dsym";
				ENABLE_NS_ASSERTIONS = NO;
				ENABLE_STRICT_OBJC_MSGSEND = YES;
				GCC_C_LANGUAGE_STANDARD = gnu11;
				GCC_NO_COMMON_BLOCKS = YES;
				GCC_WARN_64_TO_32_BIT_CONVERSION = YES;
				GCC_WARN_ABOUT_RETURN_TYPE = YES_ERROR;
				GCC_WARN_UNDECLARED_SELECTOR = YES;
				GCC_WARN_UNINITIALIZED_AUTOS = YES_AGGRESSIVE;
				GCC_WARN_UNUSED_FUNCTION = YES;
				GCC_WARN_UNUSED_VARIABLE = YES;
				MACOSX_DEPLOYMENT_TARGET = 10.13;
				MTL_ENABLE_DEBUG_INFO = NO;
				MTL_FAST_MATH = YES;
				SDKROOT = macosx;
			};
			name = Release;
		};
		11E5BAC32111243B009EC67B /* Debug */ = {
			isa = XCBuildConfiguration;
			buildSettings = {
				CODE_SIGN_STYLE = Automatic;
				DEVELOPMENT_TEAM = EL83N7U3ZC;
				HEADER_SEARCH_PATHS = /usr/local/Cellar/openssl/1.0.2l/include;
				LIBRARY_SEARCH_PATHS = (
					/usr/local/Cellar/openssl/1.0.2l/lib,
					"$(PROJECT_DIR)/CryptyMe",
				);
				PRODUCT_NAME = "$(TARGET_NAME)";
			};
			name = Debug;
		};
		11E5BAC42111243B009EC67B /* Release */ = {
			isa = XCBuildConfiguration;
			buildSettings = {
				CODE_SIGN_STYLE = Automatic;
				DEVELOPMENT_TEAM = EL83N7U3ZC;
				HEADER_SEARCH_PATHS = /usr/local/Cellar/openssl/1.0.2l/include;
				LIBRARY_SEARCH_PATHS = (
					/usr/local/Cellar/openssl/1.0.2l/lib,
					"$(PROJECT_DIR)/CryptyMe",
				);
				PRODUCT_NAME = "$(TARGET_NAME)";
			};
			name = Release;
		};
/* End XCBuildConfiguration section */

/* Begin XCConfigurationList section */
		11E5BAB62111243B009EC67B /* Build configuration list for PBXProject "CryptyMe" */ = {
			isa = XCConfigurationList;
			buildConfigurations = (
				11E5BAC02111243B009EC67B /* Debug */,
				11E5BAC12111243B009EC67B /* Release */,
			);
			defaultConfigurationIsVisible = 0;
			defaultConfigurationName = Release;
		};
		11E5BAC22111243B009EC67B /* Build configuration list for PBXNativeTarget "CryptyMe" */ = {
			isa = XCConfigurationList;
			buildConfigurations = (
				11E5BAC32111243B009EC67B /* Debug */,
				11E5BAC42111243B009EC67B /* Release */,
			);
			defaultConfigurationIsVisible = 0;
			defaultConfigurationName = Release;
		};
/* End XCConfigurationList section */
	};
	rootObject = 11E5BAB32111243B009EC67B /* Project object */;
}
